// !$*UTF8*$!
{
	archiveVersion = 1;
	classes = {
	};
	objectVersion = 50;
	objects = {

/* Begin PBXBuildFile section */
		31BF3E28228AC6DA00AC3B14 /* AppDelegate.swift in Sources */ = {isa = PBXBuildFile; fileRef = 31BF3E27228AC6DA00AC3B14 /* AppDelegate.swift */; };
		31BF3E2A228AC6DA00AC3B14 /* ViewController.swift in Sources */ = {isa = PBXBuildFile; fileRef = 31BF3E29228AC6DA00AC3B14 /* ViewController.swift */; };
		31BF3E2D228AC6DA00AC3B14 /* Main.storyboard in Resources */ = {isa = PBXBuildFile; fileRef = 31BF3E2B228AC6DA00AC3B14 /* Main.storyboard */; };
		31BF3E30228AC6DA00AC3B14 /* MTask.xcdatamodeld in Sources */ = {isa = PBXBuildFile; fileRef = 31BF3E2E228AC6DA00AC3B14 /* MTask.xcdatamodeld */; };
		31BF3E32228AC6DB00AC3B14 /* Assets.xcassets in Resources */ = {isa = PBXBuildFile; fileRef = 31BF3E31228AC6DB00AC3B14 /* Assets.xcassets */; };
		31BF3E35228AC6DB00AC3B14 /* LaunchScreen.storyboard in Resources */ = {isa = PBXBuildFile; fileRef = 31BF3E33228AC6DB00AC3B14 /* LaunchScreen.storyboard */; };
		31BF3E40228AC6DB00AC3B14 /* MTaskTests.swift in Sources */ = {isa = PBXBuildFile; fileRef = 31BF3E3F228AC6DB00AC3B14 /* MTaskTests.swift */; };
		31BF3E4D228AC74500AC3B14 /* HoneycombLayer.swift in Sources */ = {isa = PBXBuildFile; fileRef = 31BF3E4B228AC74400AC3B14 /* HoneycombLayer.swift */; };
		31BF3E4E228AC74500AC3B14 /* PadView.swift in Sources */ = {isa = PBXBuildFile; fileRef = 31BF3E4C228AC74400AC3B14 /* PadView.swift */; };
		31BF3E50228AC77700AC3B14 /* Global.swift in Sources */ = {isa = PBXBuildFile; fileRef = 31BF3E4F228AC77700AC3B14 /* Global.swift */; };
/* End PBXBuildFile section */

/* Begin PBXContainerItemProxy section */
		31BF3E3C228AC6DB00AC3B14 /* PBXContainerItemProxy */ = {
			isa = PBXContainerItemProxy;
			containerPortal = 31BF3E1C228AC6D900AC3B14 /* Project object */;
			proxyType = 1;
			remoteGlobalIDString = 31BF3E23228AC6DA00AC3B14;
			remoteInfo = MTask;
		};
/* End PBXContainerItemProxy section */

/* Begin PBXFileReference section */
		31BF3E24228AC6DA00AC3B14 /* MTask.app */ = {isa = PBXFileReference; explicitFileType = wrapper.application; includeInIndex = 0; path = MTask.app; sourceTree = BUILT_PRODUCTS_DIR; };
		31BF3E27228AC6DA00AC3B14 /* AppDelegate.swift */ = {isa = PBXFileReference; lastKnownFileType = sourcecode.swift; path = AppDelegate.swift; sourceTree = "<group>"; };
		31BF3E29228AC6DA00AC3B14 /* ViewController.swift */ = {isa = PBXFileReference; lastKnownFileType = sourcecode.swift; path = ViewController.swift; sourceTree = "<group>"; };
		31BF3E2C228AC6DA00AC3B14 /* Base */ = {isa = PBXFileReference; lastKnownFileType = file.storyboard; name = Base; path = Base.lproj/Main.storyboard; sourceTree = "<group>"; };
		31BF3E2F228AC6DA00AC3B14 /* MTask.xcdatamodel */ = {isa = PBXFileReference; lastKnownFileType = wrapper.xcdatamodel; path = MTask.xcdatamodel; sourceTree = "<group>"; };
		31BF3E31228AC6DB00AC3B14 /* Assets.xcassets */ = {isa = PBXFileReference; lastKnownFileType = folder.assetcatalog; path = Assets.xcassets; sourceTree = "<group>"; };
		31BF3E34228AC6DB00AC3B14 /* Base */ = {isa = PBXFileReference; lastKnownFileType = file.storyboard; name = Base; path = Base.lproj/LaunchScreen.storyboard; sourceTree = "<group>"; };
		31BF3E36228AC6DB00AC3B14 /* Info.plist */ = {isa = PBXFileReference; lastKnownFileType = text.plist.xml; path = Info.plist; sourceTree = "<group>"; };
		31BF3E3B228AC6DB00AC3B14 /* MTaskTests.xctest */ = {isa = PBXFileReference; explicitFileType = wrapper.cfbundle; includeInIndex = 0; path = MTaskTests.xctest; sourceTree = BUILT_PRODUCTS_DIR; };
		31BF3E3F228AC6DB00AC3B14 /* MTaskTests.swift */ = {isa = PBXFileReference; lastKnownFileType = sourcecode.swift; path = MTaskTests.swift; sourceTree = "<group>"; };
		31BF3E41228AC6DB00AC3B14 /* Info.plist */ = {isa = PBXFileReference; lastKnownFileType = text.plist.xml; path = Info.plist; sourceTree = "<group>"; };
		31BF3E4B228AC74400AC3B14 /* HoneycombLayer.swift */ = {isa = PBXFileReference; fileEncoding = 4; lastKnownFileType = sourcecode.swift; path = HoneycombLayer.swift; sourceTree = "<group>"; };
		31BF3E4C228AC74400AC3B14 /* PadView.swift */ = {isa = PBXFileReference; fileEncoding = 4; lastKnownFileType = sourcecode.swift; path = PadView.swift; sourceTree = "<group>"; };
		31BF3E4F228AC77700AC3B14 /* Global.swift */ = {isa = PBXFileReference; fileEncoding = 4; lastKnownFileType = sourcecode.swift; path = Global.swift; sourceTree = "<group>"; };
/* End PBXFileReference section */

/* Begin PBXFrameworksBuildPhase section */
		31BF3E21228AC6DA00AC3B14 /* Frameworks */ = {
			isa = PBXFrameworksBuildPhase;
			buildActionMask = 2147483647;
			files = (
			);
			runOnlyForDeploymentPostprocessing = 0;
		};
		31BF3E38228AC6DB00AC3B14 /* Frameworks */ = {
			isa = PBXFrameworksBuildPhase;
			buildActionMask = 2147483647;
			files = (
			);
			runOnlyForDeploymentPostprocessing = 0;
		};
/* End PBXFrameworksBuildPhase section */

/* Begin PBXGroup section */
		31BF3E1B228AC6D900AC3B14 = {
			isa = PBXGroup;
			children = (
				31BF3E26228AC6DA00AC3B14 /* MTask */,
				31BF3E3E228AC6DB00AC3B14 /* MTaskTests */,
				31BF3E25228AC6DA00AC3B14 /* Products */,
			);
			sourceTree = "<group>";
		};
		31BF3E25228AC6DA00AC3B14 /* Products */ = {
			isa = PBXGroup;
			children = (
				31BF3E24228AC6DA00AC3B14 /* MTask.app */,
				31BF3E3B228AC6DB00AC3B14 /* MTaskTests.xctest */,
			);
			name = Products;
			sourceTree = "<group>";
		};
		31BF3E26228AC6DA00AC3B14 /* MTask */ = {
			isa = PBXGroup;
			children = (
				31BF3E4F228AC77700AC3B14 /* Global.swift */,
				31BF3E4A228AC74400AC3B14 /* View */,
				31BF3E27228AC6DA00AC3B14 /* AppDelegate.swift */,
				31BF3E29228AC6DA00AC3B14 /* ViewController.swift */,
				31BF3E2B228AC6DA00AC3B14 /* Main.storyboard */,
				31BF3E31228AC6DB00AC3B14 /* Assets.xcassets */,
				31BF3E33228AC6DB00AC3B14 /* LaunchScreen.storyboard */,
				31BF3E36228AC6DB00AC3B14 /* Info.plist */,
				31BF3E2E228AC6DA00AC3B14 /* MTask.xcdatamodeld */,
			);
			path = MTask;
			sourceTree = "<group>";
		};
		31BF3E3E228AC6DB00AC3B14 /* MTaskTests */ = {
			isa = PBXGroup;
			children = (
				31BF3E3F228AC6DB00AC3B14 /* MTaskTests.swift */,
				31BF3E41228AC6DB00AC3B14 /* Info.plist */,
			);
			path = MTaskTests;
			sourceTree = "<group>";
		};
		31BF3E4A228AC74400AC3B14 /* View */ = {
			isa = PBXGroup;
			children = (
				31BF3E4B228AC74400AC3B14 /* HoneycombLayer.swift */,
				31BF3E4C228AC74400AC3B14 /* PadView.swift */,
			);
			path = View;
			sourceTree = "<group>";
		};
/* End PBXGroup section */

/* Begin PBXNativeTarget section */
		31BF3E23228AC6DA00AC3B14 /* MTask */ = {
			isa = PBXNativeTarget;
			buildConfigurationList = 31BF3E44228AC6DB00AC3B14 /* Build configuration list for PBXNativeTarget "MTask" */;
			buildPhases = (
				31BF3E20228AC6DA00AC3B14 /* Sources */,
				31BF3E21228AC6DA00AC3B14 /* Frameworks */,
				31BF3E22228AC6DA00AC3B14 /* Resources */,
			);
			buildRules = (
			);
			dependencies = (
			);
			name = MTask;
			productName = MTask;
			productReference = 31BF3E24228AC6DA00AC3B14 /* MTask.app */;
			productType = "com.apple.product-type.application";
		};
		31BF3E3A228AC6DB00AC3B14 /* MTaskTests */ = {
			isa = PBXNativeTarget;
			buildConfigurationList = 31BF3E47228AC6DB00AC3B14 /* Build configuration list for PBXNativeTarget "MTaskTests" */;
			buildPhases = (
				31BF3E37228AC6DB00AC3B14 /* Sources */,
				31BF3E38228AC6DB00AC3B14 /* Frameworks */,
				31BF3E39228AC6DB00AC3B14 /* Resources */,
			);
			buildRules = (
			);
			dependencies = (
				31BF3E3D228AC6DB00AC3B14 /* PBXTargetDependency */,
			);
			name = MTaskTests;
			productName = MTaskTests;
			productReference = 31BF3E3B228AC6DB00AC3B14 /* MTaskTests.xctest */;
			productType = "com.apple.product-type.bundle.unit-test";
		};
/* End PBXNativeTarget section */

/* Begin PBXProject section */
		31BF3E1C228AC6D900AC3B14 /* Project object */ = {
			isa = PBXProject;
			attributes = {
				LastSwiftUpdateCheck = 1020;
				LastUpgradeCheck = 1020;
				ORGANIZATIONNAME = Alex;
				TargetAttributes = {
					31BF3E23228AC6DA00AC3B14 = {
						CreatedOnToolsVersion = 10.2.1;
					};
					31BF3E3A228AC6DB00AC3B14 = {
						CreatedOnToolsVersion = 10.2.1;
						TestTargetID = 31BF3E23228AC6DA00AC3B14;
					};
				};
			};
			buildConfigurationList = 31BF3E1F228AC6D900AC3B14 /* Build configuration list for PBXProject "MTask" */;
			compatibilityVersion = "Xcode 9.3";
			developmentRegion = en;
			hasScannedForEncodings = 0;
			knownRegions = (
				en,
				Base,
			);
			mainGroup = 31BF3E1B228AC6D900AC3B14;
			productRefGroup = 31BF3E25228AC6DA00AC3B14 /* Products */;
			projectDirPath = "";
			projectRoot = "";
			targets = (
				31BF3E23228AC6DA00AC3B14 /* MTask */,
				31BF3E3A228AC6DB00AC3B14 /* MTaskTests */,
			);
		};
/* End PBXProject section */

/* Begin PBXResourcesBuildPhase section */
		31BF3E22228AC6DA00AC3B14 /* Resources */ = {
			isa = PBXResourcesBuildPhase;
			buildActionMask = 2147483647;
			files = (
				31BF3E35228AC6DB00AC3B14 /* LaunchScreen.storyboard in Resources */,
				31BF3E32228AC6DB00AC3B14 /* Assets.xcassets in Resources */,
				31BF3E2D228AC6DA00AC3B14 /* Main.storyboard in Resources */,
			);
			runOnlyForDeploymentPostprocessing = 0;
		};
		31BF3E39228AC6DB00AC3B14 /* Resources */ = {
			isa = PBXResourcesBuildPhase;
			buildActionMask = 2147483647;
			files = (
			);
			runOnlyForDeploymentPostprocessing = 0;
		};
/* End PBXResourcesBuildPhase section */

/* Begin PBXSourcesBuildPhase section */
		31BF3E20228AC6DA00AC3B14 /* Sources */ = {
			isa = PBXSourcesBuildPhase;
			buildActionMask = 2147483647;
			files = (
				31BF3E4D228AC74500AC3B14 /* HoneycombLayer.swift in Sources */,
				31BF3E2A228AC6DA00AC3B14 /* ViewController.swift in Sources */,
				31BF3E50228AC77700AC3B14 /* Global.swift in Sources */,
				31BF3E30228AC6DA00AC3B14 /* MTask.xcdatamodeld in Sources */,
				31BF3E4E228AC74500AC3B14 /* PadView.swift in Sources */,
				31BF3E28228AC6DA00AC3B14 /* AppDelegate.swift in Sources */,
			);
			runOnlyForDeploymentPostprocessing = 0;
		};
		31BF3E37228AC6DB00AC3B14 /* Sources */ = {
			isa = PBXSourcesBuildPhase;
			buildActionMask = 2147483647;
			files = (
				31BF3E40228AC6DB00AC3B14 /* MTaskTests.swift in Sources */,
			);
			runOnlyForDeploymentPostprocessing = 0;
		};
/* End PBXSourcesBuildPhase section */

/* Begin PBXTargetDependency section */
		31BF3E3D228AC6DB00AC3B14 /* PBXTargetDependency */ = {
			isa = PBXTargetDependency;
			target = 31BF3E23228AC6DA00AC3B14 /* MTask */;
			targetProxy = 31BF3E3C228AC6DB00AC3B14 /* PBXContainerItemProxy */;
		};
/* End PBXTargetDependency section */

/* Begin PBXVariantGroup section */
		31BF3E2B228AC6DA00AC3B14 /* Main.storyboard */ = {
			isa = PBXVariantGroup;
			children = (
				31BF3E2C228AC6DA00AC3B14 /* Base */,
			);
			name = Main.storyboard;
			sourceTree = "<group>";
		};
		31BF3E33228AC6DB00AC3B14 /* LaunchScreen.storyboard */ = {
			isa = PBXVariantGroup;
			children = (
				31BF3E34228AC6DB00AC3B14 /* Base */,
			);
			name = LaunchScreen.storyboard;
			sourceTree = "<group>";
		};
/* End PBXVariantGroup section */

/* Begin XCBuildConfiguration section */
		31BF3E42228AC6DB00AC3B14 /* Debug */ = {
			isa = XCBuildConfiguration;
			buildSettings = {
				ALWAYS_SEARCH_USER_PATHS = NO;
				CLANG_ANALYZER_NONNULL = YES;
				CLANG_ANALYZER_NUMBER_OBJECT_CONVERSION = YES_AGGRESSIVE;
				CLANG_CXX_LANGUAGE_STANDARD = "gnu++14";
				CLANG_CXX_LIBRARY = "libc++";
				CLANG_ENABLE_MODULES = YES;
				CLANG_ENABLE_OBJC_ARC = YES;
				CLANG_ENABLE_OBJC_WEAK = YES;
				CLANG_WARN_BLOCK_CAPTURE_AUTORELEASING = YES;
				CLANG_WARN_BOOL_CONVERSION = YES;
				CLANG_WARN_COMMA = YES;
				CLANG_WARN_CONSTANT_CONVERSION = YES;
				CLANG_WARN_DEPRECATED_OBJC_IMPLEMENTATIONS = YES;
				CLANG_WARN_DIRECT_OBJC_ISA_USAGE = YES_ERROR;
				CLANG_WARN_DOCUMENTATION_COMMENTS = YES;
				CLANG_WARN_EMPTY_BODY = YES;
				CLANG_WARN_ENUM_CONVERSION = YES;
				CLANG_WARN_INFINITE_RECURSION = YES;
				CLANG_WARN_INT_CONVERSION = YES;
				CLANG_WARN_NON_LITERAL_NULL_CONVERSION = YES;
				CLANG_WARN_OBJC_IMPLICIT_RETAIN_SELF = YES;
				CLANG_WARN_OBJC_LITERAL_CONVERSION = YES;
				CLANG_WARN_OBJC_ROOT_CLASS = YES_ERROR;
				CLANG_WARN_RANGE_LOOP_ANALYSIS = YES;
				CLANG_WARN_STRICT_PROTOTYPES = YES;
				CLANG_WARN_SUSPICIOUS_MOVE = YES;
				CLANG_WARN_UNGUARDED_AVAILABILITY = YES_AGGRESSIVE;
				CLANG_WARN_UNREACHABLE_CODE = YES;
				CLANG_WARN__DUPLICATE_METHOD_MATCH = YES;
				CODE_SIGN_IDENTITY = "iPhone Developer";
				COPY_PHASE_STRIP = NO;
				DEBUG_INFORMATION_FORMAT = dwarf;
				ENABLE_STRICT_OBJC_MSGSEND = YES;
				ENABLE_TESTABILITY = YES;
				GCC_C_LANGUAGE_STANDARD = gnu11;
				GCC_DYNAMIC_NO_PIC = NO;
				GCC_NO_COMMON_BLOCKS = YES;
				GCC_OPTIMIZATION_LEVEL = 0;
				GCC_PREPROCESSOR_DEFINITIONS = (
					"DEBUG=1",
					"$(inherited)",
				);
				GCC_WARN_64_TO_32_BIT_CONVERSION = YES;
				GCC_WARN_ABOUT_RETURN_TYPE = YES_ERROR;
				GCC_WARN_UNDECLARED_SELECTOR = YES;
				GCC_WARN_UNINITIALIZED_AUTOS = YES_AGGRESSIVE;
				GCC_WARN_UNUSED_FUNCTION = YES;
				GCC_WARN_UNUSED_VARIABLE = YES;
				IPHONEOS_DEPLOYMENT_TARGET = 12.2;
				MTL_ENABLE_DEBUG_INFO = INCLUDE_SOURCE;
				MTL_FAST_MATH = YES;
				ONLY_ACTIVE_ARCH = YES;
				SDKROOT = iphoneos;
				SWIFT_ACTIVE_COMPILATION_CONDITIONS = DEBUG;
				SWIFT_OPTIMIZATION_LEVEL = "-Onone";
			};
			name = Debug;
		};
		31BF3E43228AC6DB00AC3B14 /* Release */ = {
			isa = XCBuildConfiguration;
			buildSettings = {
				ALWAYS_SEARCH_USER_PATHS = NO;
				CLANG_ANALYZER_NONNULL = YES;
				CLANG_ANALYZER_NUMBER_OBJECT_CONVERSION = YES_AGGRESSIVE;
				CLANG_CXX_LANGUAGE_STANDARD = "gnu++14";
				CLANG_CXX_LIBRARY = "libc++";
				CLANG_ENABLE_MODULES = YES;
				CLANG_ENABLE_OBJC_ARC = YES;
				CLANG_ENABLE_OBJC_WEAK = YES;
				CLANG_WARN_BLOCK_CAPTURE_AUTORELEASING = YES;
				CLANG_WARN_BOOL_CONVERSION = YES;
				CLANG_WARN_COMMA = YES;
				CLANG_WARN_CONSTANT_CONVERSION = YES;
				CLANG_WARN_DEPRECATED_OBJC_IMPLEMENTATIONS = YES;
				CLANG_WARN_DIRECT_OBJC_ISA_USAGE = YES_ERROR;
				CLANG_WARN_DOCUMENTATION_COMMENTS = YES;
				CLANG_WARN_EMPTY_BODY = YES;
				CLANG_WARN_ENUM_CONVERSION = YES;
				CLANG_WARN_INFINITE_RECURSION = YES;
				CLANG_WARN_INT_CONVERSION = YES;
				CLANG_WARN_NON_LITERAL_NULL_CONVERSION = YES;
				CLANG_WARN_OBJC_IMPLICIT_RETAIN_SELF = YES;
				CLANG_WARN_OBJC_LITERAL_CONVERSION = YES;
				CLANG_WARN_OBJC_ROOT_CLASS = YES_ERROR;
				CLANG_WARN_RANGE_LOOP_ANALYSIS = YES;
				CLANG_WARN_STRICT_PROTOTYPES = YES;
				CLANG_WARN_SUSPICIOUS_MOVE = YES;
				CLANG_WARN_UNGUARDED_AVAILABILITY = YES_AGGRESSIVE;
				CLANG_WARN_UNREACHABLE_CODE = YES;
				CLANG_WARN__DUPLICATE_METHOD_MATCH = YES;
				CODE_SIGN_IDENTITY = "iPhone Developer";
				COPY_PHASE_STRIP = NO;
				DEBUG_INFORMATION_FORMAT = "dwarf-with-dsym";
				ENABLE_NS_ASSERTIONS = NO;
				ENABLE_STRICT_OBJC_MSGSEND = YES;
				GCC_C_LANGUAGE_STANDARD = gnu11;
				GCC_NO_COMMON_BLOCKS = YES;
				GCC_WARN_64_TO_32_BIT_CONVERSION = YES;
				GCC_WARN_ABOUT_RETURN_TYPE = YES_ERROR;
				GCC_WARN_UNDECLARED_SELECTOR = YES;
				GCC_WARN_UNINITIALIZED_AUTOS = YES_AGGRESSIVE;
				GCC_WARN_UNUSED_FUNCTION = YES;
				GCC_WARN_UNUSED_VARIABLE = YES;
				IPHONEOS_DEPLOYMENT_TARGET = 12.2;
				MTL_ENABLE_DEBUG_INFO = NO;
				MTL_FAST_MATH = YES;
				SDKROOT = iphoneos;
				SWIFT_COMPILATION_MODE = wholemodule;
				SWIFT_OPTIMIZATION_LEVEL = "-O";
				VALIDATE_PRODUCT = YES;
			};
			name = Release;
		};
		31BF3E45228AC6DB00AC3B14 /* Debug */ = {
			isa = XCBuildConfiguration;
			buildSettings = {
				ASSETCATALOG_COMPILER_APPICON_NAME = AppIcon;
				CODE_SIGN_STYLE = Automatic;
				DEVELOPMENT_TEAM = 77274K7C27;
				INFOPLIST_FILE = MTask/Info.plist;
				LD_RUNPATH_SEARCH_PATHS = (
					"$(inherited)",
					"@executable_path/Frameworks",
				);
				PRODUCT_BUNDLE_IDENTIFIER = com.AlexWong.MTask;
				PRODUCT_NAME = "$(TARGET_NAME)";
				SWIFT_VERSION = 5.0;
				TARGETED_DEVICE_FAMILY = 1;
			};
			name = Debug;
		};
		31BF3E46228AC6DB00AC3B14 /* Release */ = {
			isa = XCBuildConfiguration;
			buildSettings = {
				ASSETCATALOG_COMPILER_APPICON_NAME = AppIcon;
				CODE_SIGN_STYLE = Automatic;
				DEVELOPMENT_TEAM = 77274K7C27;
				INFOPLIST_FILE = MTask/Info.plist;
				LD_RUNPATH_SEARCH_PATHS = (
					"$(inherited)",
					"@executable_path/Frameworks",
				);
				PRODUCT_BUNDLE_IDENTIFIER = com.AlexWong.MTask;
				PRODUCT_NAME = "$(TARGET_NAME)";
				SWIFT_VERSION = 5.0;
				TARGETED_DEVICE_FAMILY = 1;
			};
			name = Release;
		};
		31BF3E48228AC6DB00AC3B14 /* Debug */ = {
			isa = XCBuildConfiguration;
			buildSettings = {
				ALWAYS_EMBED_SWIFT_STANDARD_LIBRARIES = YES;
				BUNDLE_LOADER = "$(TEST_HOST)";
				CODE_SIGN_STYLE = Automatic;
				DEVELOPMENT_TEAM = 77274K7C27;
				INFOPLIST_FILE = MTaskTests/Info.plist;
				LD_RUNPATH_SEARCH_PATHS = (
					"$(inherited)",
					"@executable_path/Frameworks",
					"@loader_path/Frameworks",
				);
				PRODUCT_BUNDLE_IDENTIFIER = com.AlexWong.MTaskTests;
				PRODUCT_NAME = "$(TARGET_NAME)";
				SWIFT_VERSION = 5.0;
				TARGETED_DEVICE_FAMILY = "1,2";
				TEST_HOST = "$(BUILT_PRODUCTS_DIR)/MTask.app/MTask";
			};
			name = Debug;
		};
		31BF3E49228AC6DB00AC3B14 /* Release */ = {
			isa = XCBuildConfiguration;
			buildSettings = {
				ALWAYS_EMBED_SWIFT_STANDARD_LIBRARIES = YES;
				BUNDLE_LOADER = "$(TEST_HOST)";
				CODE_SIGN_STYLE = Automatic;
				DEVELOPMENT_TEAM = 77274K7C27;
				INFOPLIST_FILE = MTaskTests/Info.plist;
				LD_RUNPATH_SEARCH_PATHS = (
					"$(inherited)",
					"@executable_path/Frameworks",
					"@loader_path/Frameworks",
				);
				PRODUCT_BUNDLE_IDENTIFIER = com.AlexWong.MTaskTests;
				PRODUCT_NAME = "$(TARGET_NAME)";
				SWIFT_VERSION = 5.0;
				TARGETED_DEVICE_FAMILY = "1,2";
				TEST_HOST = "$(BUILT_PRODUCTS_DIR)/MTask.app/MTask";
			};
			name = Release;
		};
/* End XCBuildConfiguration section */

/* Begin XCConfigurationList section */
		31BF3E1F228AC6D900AC3B14 /* Build configuration list for PBXProject "MTask" */ = {
			isa = XCConfigurationList;
			buildConfigurations = (
				31BF3E42228AC6DB00AC3B14 /* Debug */,
				31BF3E43228AC6DB00AC3B14 /* Release */,
			);
			defaultConfigurationIsVisible = 0;
			defaultConfigurationName = Release;
		};
		31BF3E44228AC6DB00AC3B14 /* Build configuration list for PBXNativeTarget "MTask" */ = {
			isa = XCConfigurationList;
			buildConfigurations = (
				31BF3E45228AC6DB00AC3B14 /* Debug */,
				31BF3E46228AC6DB00AC3B14 /* Release */,
			);
			defaultConfigurationIsVisible = 0;
			defaultConfigurationName = Release;
		};
		31BF3E47228AC6DB00AC3B14 /* Build configuration list for PBXNativeTarget "MTaskTests" */ = {
			isa = XCConfigurationList;
			buildConfigurations = (
				31BF3E48228AC6DB00AC3B14 /* Debug */,
				31BF3E49228AC6DB00AC3B14 /* Release */,
			);
			defaultConfigurationIsVisible = 0;
			defaultConfigurationName = Release;
		};
/* End XCConfigurationList section */

/* Begin XCVersionGroup section */
		31BF3E2E228AC6DA00AC3B14 /* MTask.xcdatamodeld */ = {
			isa = XCVersionGroup;
			children = (
				31BF3E2F228AC6DA00AC3B14 /* MTask.xcdatamodel */,
			);
			currentVersion = 31BF3E2F228AC6DA00AC3B14 /* MTask.xcdatamodel */;
			path = MTask.xcdatamodeld;
			sourceTree = "<group>";
			versionGroupType = wrapper.xcdatamodel;
		};
/* End XCVersionGroup section */
	};
	rootObject = 31BF3E1C228AC6D900AC3B14 /* Project object */;
}
